memo = "2af96fafb6bc41f924841266269ea097eceb439054028bc77918d59d9ad12913"

[[projects]]
  name = "github.com/goreleaser/goreleaser"
  packages = ["config","context","pipeline/defaults"]
  revision = "c97c9c093033d652d43f198943701b8a53933e1e"
  version = "v0.20.0"

[[projects]]
  branch = "v1"
  name = "gopkg.in/yaml.v1"
  packages = ["."]
  revision = "9f9df34309c04878acc86042b16630b0f696e1de"
