# This file is autogenerated, do not edit; changes may be undone by the next 'dep ensure'.


[[projects]]
  name = "github.com/goreleaser/goreleaser"
  packages = ["config","context","pipeline/defaults"]
  revision = "fbcae4b5bec60816e6ed23b22cabd5a12c507d62"
  version = "v0.20.3"

[[projects]]
  branch = "v1"
  name = "gopkg.in/yaml.v1"
  packages = ["."]
  revision = "9f9df34309c04878acc86042b16630b0f696e1de"

[solve-meta]
  analyzer-name = "dep"
  analyzer-version = 1
  inputs-digest = "b8819a7af455559909afdf1c8ef2ea0b9e06416dedbcc9acd15b46f96ed6cd32"
  solver-name = "gps-cdcl"
  solver-version = 1
